// !$*UTF8*$!
{
	archiveVersion = 1;
	classes = {
	};
	objectVersion = 56;
	objects = {

/* Begin PBXBuildFile section */
		B26001232D2AFFF700702003 /* AlternativeFuelStation_iOSApp.swift in Sources */ = {isa = PBXBuildFile; fileRef = B26001222D2AFFF700702003 /* AlternativeFuelStation_iOSApp.swift */; };
		B26001252D2AFFF700702003 /* ContentView.swift in Sources */ = {isa = PBXBuildFile; fileRef = B26001242D2AFFF700702003 /* ContentView.swift */; };
		B26001272D2AFFF800702003 /* Assets.xcassets in Resources */ = {isa = PBXBuildFile; fileRef = B26001262D2AFFF800702003 /* Assets.xcassets */; };
		B260012A2D2AFFF800702003 /* Preview Assets.xcassets in Resources */ = {isa = PBXBuildFile; fileRef = B26001292D2AFFF800702003 /* Preview Assets.xcassets */; };
		B27B0EAC2D2B12F500349F04 /* ApiService.swift in Sources */ = {isa = PBXBuildFile; fileRef = B27B0EAB2D2B12F500349F04 /* ApiService.swift */; };
		B27B0EAE2D2B130500349F04 /* HydrogenStation.swift in Sources */ = {isa = PBXBuildFile; fileRef = B27B0EAD2D2B130500349F04 /* HydrogenStation.swift */; };
		B27B0EB02D2B131900349F04 /* MapView.swift in Sources */ = {isa = PBXBuildFile; fileRef = B27B0EAF2D2B131900349F04 /* MapView.swift */; };
		B27B0EB22D2B132900349F04 /* FilterView.swift in Sources */ = {isa = PBXBuildFile; fileRef = B27B0EB12D2B132900349F04 /* FilterView.swift */; };
		B27B0EB42D2B191700349F04 /* AppDelegate.swift in Sources */ = {isa = PBXBuildFile; fileRef = B27B0EB32D2B191700349F04 /* AppDelegate.swift */; };
		B27B0EB62D2B199D00349F04 /* SceneDelegate.swift in Sources */ = {isa = PBXBuildFile; fileRef = B27B0EB52D2B199D00349F04 /* SceneDelegate.swift */; };
		B27B0EB82D2B1ACB00349F04 /* GMapservice.swift in Sources */ = {isa = PBXBuildFile; fileRef = B27B0EB72D2B1ACB00349F04 /* GMapservice.swift */; };
		B27B0EBA2D2B1BD500349F04 /* NRELService.swift in Sources */ = {isa = PBXBuildFile; fileRef = B27B0EB92D2B1BD500349F04 /* NRELService.swift */; };
		B27B0EBC2D2B1CE200349F04 /* FilterOptions.swift in Sources */ = {isa = PBXBuildFile; fileRef = B27B0EBB2D2B1CE200349F04 /* FilterOptions.swift */; };
		B27B0EBE2D2B207100349F04 /* SearchListView.swift in Sources */ = {isa = PBXBuildFile; fileRef = B27B0EBD2D2B207100349F04 /* SearchListView.swift */; };
		B27B0EC12D2B208800349F04 /* SearchBar.swift in Sources */ = {isa = PBXBuildFile; fileRef = B27B0EC02D2B208800349F04 /* SearchBar.swift */; };
		B27B0EC32D2B209300349F04 /* MapAnnotationView.swift in Sources */ = {isa = PBXBuildFile; fileRef = B27B0EC22D2B209300349F04 /* MapAnnotationView.swift */; };
		B27B0EC52D2B20A000349F04 /* MapViewContainer.swift in Sources */ = {isa = PBXBuildFile; fileRef = B27B0EC42D2B20A000349F04 /* MapViewContainer.swift */; };
		E4CF3CEBE62EF33F65291476 /* Pods_AlternativeFuelStation_iOS.framework in Frameworks */ = {isa = PBXBuildFile; fileRef = BFD7C16744FEE4A6CB176AD9 /* Pods_AlternativeFuelStation_iOS.framework */; };
/* End PBXBuildFile section */

/* Begin PBXFileReference section */
		7613BBCFD6023A8453B0DB47 /* Pods-AlternativeFuelStation_iOS.debug.xcconfig */ = {isa = PBXFileReference; includeInIndex = 1; lastKnownFileType = text.xcconfig; name = "Pods-AlternativeFuelStation_iOS.debug.xcconfig"; path = "Target Support Files/Pods-AlternativeFuelStation_iOS/Pods-AlternativeFuelStation_iOS.debug.xcconfig"; sourceTree = "<group>"; };
		B260011F2D2AFFF700702003 /* AlternativeFuelStation_iOS.app */ = {isa = PBXFileReference; explicitFileType = wrapper.application; includeInIndex = 0; path = AlternativeFuelStation_iOS.app; sourceTree = BUILT_PRODUCTS_DIR; };
		B26001222D2AFFF700702003 /* AlternativeFuelStation_iOSApp.swift */ = {isa = PBXFileReference; lastKnownFileType = sourcecode.swift; path = AlternativeFuelStation_iOSApp.swift; sourceTree = "<group>"; };
		B26001242D2AFFF700702003 /* ContentView.swift */ = {isa = PBXFileReference; lastKnownFileType = sourcecode.swift; path = ContentView.swift; sourceTree = "<group>"; };
		B26001262D2AFFF800702003 /* Assets.xcassets */ = {isa = PBXFileReference; lastKnownFileType = folder.assetcatalog; path = Assets.xcassets; sourceTree = "<group>"; };
		B26001292D2AFFF800702003 /* Preview Assets.xcassets */ = {isa = PBXFileReference; lastKnownFileType = folder.assetcatalog; path = "Preview Assets.xcassets"; sourceTree = "<group>"; };
		B27B0EAB2D2B12F500349F04 /* ApiService.swift */ = {isa = PBXFileReference; lastKnownFileType = sourcecode.swift; path = ApiService.swift; sourceTree = "<group>"; };
		B27B0EAD2D2B130500349F04 /* HydrogenStation.swift */ = {isa = PBXFileReference; lastKnownFileType = sourcecode.swift; path = HydrogenStation.swift; sourceTree = "<group>"; };
		B27B0EAF2D2B131900349F04 /* MapView.swift */ = {isa = PBXFileReference; lastKnownFileType = sourcecode.swift; path = MapView.swift; sourceTree = "<group>"; };
		B27B0EB12D2B132900349F04 /* FilterView.swift */ = {isa = PBXFileReference; lastKnownFileType = sourcecode.swift; path = FilterView.swift; sourceTree = "<group>"; };
		B27B0EB32D2B191700349F04 /* AppDelegate.swift */ = {isa = PBXFileReference; lastKnownFileType = sourcecode.swift; path = AppDelegate.swift; sourceTree = "<group>"; };
		B27B0EB52D2B199D00349F04 /* SceneDelegate.swift */ = {isa = PBXFileReference; lastKnownFileType = sourcecode.swift; path = SceneDelegate.swift; sourceTree = "<group>"; };
		B27B0EB72D2B1ACB00349F04 /* GMapservice.swift */ = {isa = PBXFileReference; lastKnownFileType = sourcecode.swift; path = GMapservice.swift; sourceTree = "<group>"; };
		B27B0EB92D2B1BD500349F04 /* NRELService.swift */ = {isa = PBXFileReference; lastKnownFileType = sourcecode.swift; path = NRELService.swift; sourceTree = "<group>"; };
		B27B0EBB2D2B1CE200349F04 /* FilterOptions.swift */ = {isa = PBXFileReference; lastKnownFileType = sourcecode.swift; path = FilterOptions.swift; sourceTree = "<group>"; };
		B27B0EBD2D2B207100349F04 /* SearchListView.swift */ = {isa = PBXFileReference; lastKnownFileType = sourcecode.swift; path = SearchListView.swift; sourceTree = "<group>"; };
		B27B0EC02D2B208800349F04 /* SearchBar.swift */ = {isa = PBXFileReference; lastKnownFileType = sourcecode.swift; path = SearchBar.swift; sourceTree = "<group>"; };
		B27B0EC22D2B209300349F04 /* MapAnnotationView.swift */ = {isa = PBXFileReference; lastKnownFileType = sourcecode.swift; path = MapAnnotationView.swift; sourceTree = "<group>"; };
		B27B0EC42D2B20A000349F04 /* MapViewContainer.swift */ = {isa = PBXFileReference; lastKnownFileType = sourcecode.swift; path = MapViewContainer.swift; sourceTree = "<group>"; };
		BFD7C16744FEE4A6CB176AD9 /* Pods_AlternativeFuelStation_iOS.framework */ = {isa = PBXFileReference; explicitFileType = wrapper.framework; includeInIndex = 0; path = Pods_AlternativeFuelStation_iOS.framework; sourceTree = BUILT_PRODUCTS_DIR; };
		C7AF665EB53B63E5649331D4 /* Pods-AlternativeFuelStation_iOS.release.xcconfig */ = {isa = PBXFileReference; includeInIndex = 1; lastKnownFileType = text.xcconfig; name = "Pods-AlternativeFuelStation_iOS.release.xcconfig"; path = "Target Support Files/Pods-AlternativeFuelStation_iOS/Pods-AlternativeFuelStation_iOS.release.xcconfig"; sourceTree = "<group>"; };
/* End PBXFileReference section */

/* Begin PBXFrameworksBuildPhase section */
		B260011C2D2AFFF700702003 /* Frameworks */ = {
			isa = PBXFrameworksBuildPhase;
			buildActionMask = 2147483647;
			files = (
				E4CF3CEBE62EF33F65291476 /* Pods_AlternativeFuelStation_iOS.framework in Frameworks */,
			);
			runOnlyForDeploymentPostprocessing = 0;
		};
/* End PBXFrameworksBuildPhase section */

/* Begin PBXGroup section */
		1A40B342CD529DB40FAC2E23 /* Pods */ = {
			isa = PBXGroup;
			children = (
				7613BBCFD6023A8453B0DB47 /* Pods-AlternativeFuelStation_iOS.debug.xcconfig */,
				C7AF665EB53B63E5649331D4 /* Pods-AlternativeFuelStation_iOS.release.xcconfig */,
			);
			path = Pods;
			sourceTree = "<group>";
		};
		B26001162D2AFFF700702003 = {
			isa = PBXGroup;
			children = (
				B26001212D2AFFF700702003 /* AlternativeFuelStation_iOS */,
				B26001202D2AFFF700702003 /* Products */,
				1A40B342CD529DB40FAC2E23 /* Pods */,
				F3C7FB79136B45615119E527 /* Frameworks */,
			);
			sourceTree = "<group>";
		};
		B26001202D2AFFF700702003 /* Products */ = {
			isa = PBXGroup;
			children = (
				B260011F2D2AFFF700702003 /* AlternativeFuelStation_iOS.app */,
			);
			name = Products;
			sourceTree = "<group>";
		};
		B26001212D2AFFF700702003 /* AlternativeFuelStation_iOS */ = {
			isa = PBXGroup;
			children = (
				B27B0EAA2D2B12D600349F04 /* Services */,
				B27B0EA92D2B12CD00349F04 /* Models */,
				B27B0EA82D2B12B400349F04 /* Views */,
				B27B0EA72D2B129600349F04 /* App */,
				B26001262D2AFFF800702003 /* Assets.xcassets */,
				B26001282D2AFFF800702003 /* Preview Content */,
			);
			path = AlternativeFuelStation_iOS;
			sourceTree = "<group>";
		};
		B26001282D2AFFF800702003 /* Preview Content */ = {
			isa = PBXGroup;
			children = (
				B26001292D2AFFF800702003 /* Preview Assets.xcassets */,
			);
			path = "Preview Content";
			sourceTree = "<group>";
		};
		B27B0EA72D2B129600349F04 /* App */ = {
			isa = PBXGroup;
			children = (
				B26001222D2AFFF700702003 /* AlternativeFuelStation_iOSApp.swift */,
				B27B0EB32D2B191700349F04 /* AppDelegate.swift */,
				B27B0EB52D2B199D00349F04 /* SceneDelegate.swift */,
			);
			path = App;
			sourceTree = "<group>";
		};
		B27B0EA82D2B12B400349F04 /* Views */ = {
			isa = PBXGroup;
			children = (
				B27B0EBF2D2B207600349F04 /* CustomComponents */,
				B26001242D2AFFF700702003 /* ContentView.swift */,
				B27B0EAF2D2B131900349F04 /* MapView.swift */,
				B27B0EB12D2B132900349F04 /* FilterView.swift */,
				B27B0EBD2D2B207100349F04 /* SearchListView.swift */,
			);
			path = Views;
			sourceTree = "<group>";
		};
		B27B0EA92D2B12CD00349F04 /* Models */ = {
			isa = PBXGroup;
			children = (
				B27B0EAD2D2B130500349F04 /* HydrogenStation.swift */,
				B27B0EBB2D2B1CE200349F04 /* FilterOptions.swift */,
			);
			path = Models;
			sourceTree = "<group>";
		};
		B27B0EAA2D2B12D600349F04 /* Services */ = {
			isa = PBXGroup;
			children = (
				B27B0EAB2D2B12F500349F04 /* ApiService.swift */,
				B27B0EB72D2B1ACB00349F04 /* GMapservice.swift */,
				B27B0EB92D2B1BD500349F04 /* NRELService.swift */,
			);
			path = Services;
			sourceTree = "<group>";
		};
		B27B0EBF2D2B207600349F04 /* CustomComponents */ = {
			isa = PBXGroup;
			children = (
				B27B0EC02D2B208800349F04 /* SearchBar.swift */,
				B27B0EC22D2B209300349F04 /* MapAnnotationView.swift */,
				B27B0EC42D2B20A000349F04 /* MapViewContainer.swift */,
			);
			path = CustomComponents;
			sourceTree = "<group>";
		};
		F3C7FB79136B45615119E527 /* Frameworks */ = {
			isa = PBXGroup;
			children = (
				BFD7C16744FEE4A6CB176AD9 /* Pods_AlternativeFuelStation_iOS.framework */,
			);
			name = Frameworks;
			sourceTree = "<group>";
		};
/* End PBXGroup section */

/* Begin PBXNativeTarget section */
		B260011E2D2AFFF700702003 /* AlternativeFuelStation_iOS */ = {
			isa = PBXNativeTarget;
			buildConfigurationList = B260012D2D2AFFF800702003 /* Build configuration list for PBXNativeTarget "AlternativeFuelStation_iOS" */;
			buildPhases = (
				3E0B05C4316AB509C7592C67 /* [CP] Check Pods Manifest.lock */,
				B260011B2D2AFFF700702003 /* Sources */,
				B260011C2D2AFFF700702003 /* Frameworks */,
				B260011D2D2AFFF700702003 /* Resources */,
				29A38010CC46356244803A87 /* [CP] Copy Pods Resources */,
			);
			buildRules = (
			);
			dependencies = (
			);
			name = AlternativeFuelStation_iOS;
			productName = AlternativeFuelStation_iOS;
			productReference = B260011F2D2AFFF700702003 /* AlternativeFuelStation_iOS.app */;
			productType = "com.apple.product-type.application";
		};
/* End PBXNativeTarget section */

/* Begin PBXProject section */
		B26001172D2AFFF700702003 /* Project object */ = {
			isa = PBXProject;
			attributes = {
				BuildIndependentTargetsInParallel = 1;
				LastSwiftUpdateCheck = 1540;
				LastUpgradeCheck = 1540;
				TargetAttributes = {
					B260011E2D2AFFF700702003 = {
						CreatedOnToolsVersion = 15.4;
					};
				};
			};
			buildConfigurationList = B260011A2D2AFFF700702003 /* Build configuration list for PBXProject "AlternativeFuelStation_iOS" */;
			compatibilityVersion = "Xcode 14.0";
			developmentRegion = en;
			hasScannedForEncodings = 0;
			knownRegions = (
				en,
				Base,
			);
			mainGroup = B26001162D2AFFF700702003;
			productRefGroup = B26001202D2AFFF700702003 /* Products */;
			projectDirPath = "";
			projectRoot = "";
			targets = (
				B260011E2D2AFFF700702003 /* AlternativeFuelStation_iOS */,
			);
		};
/* End PBXProject section */

/* Begin PBXResourcesBuildPhase section */
		B260011D2D2AFFF700702003 /* Resources */ = {
			isa = PBXResourcesBuildPhase;
			buildActionMask = 2147483647;
			files = (
				B260012A2D2AFFF800702003 /* Preview Assets.xcassets in Resources */,
				B26001272D2AFFF800702003 /* Assets.xcassets in Resources */,
			);
			runOnlyForDeploymentPostprocessing = 0;
		};
/* End PBXResourcesBuildPhase section */

/* Begin PBXShellScriptBuildPhase section */
		29A38010CC46356244803A87 /* [CP] Copy Pods Resources */ = {
			isa = PBXShellScriptBuildPhase;
			buildActionMask = 2147483647;
			files = (
			);
			inputFileListPaths = (
				"${PODS_ROOT}/Target Support Files/Pods-AlternativeFuelStation_iOS/Pods-AlternativeFuelStation_iOS-resources-${CONFIGURATION}-input-files.xcfilelist",
			);
			name = "[CP] Copy Pods Resources";
			outputFileListPaths = (
				"${PODS_ROOT}/Target Support Files/Pods-AlternativeFuelStation_iOS/Pods-AlternativeFuelStation_iOS-resources-${CONFIGURATION}-output-files.xcfilelist",
			);
			runOnlyForDeploymentPostprocessing = 0;
			shellPath = /bin/sh;
			shellScript = "\"${PODS_ROOT}/Target Support Files/Pods-AlternativeFuelStation_iOS/Pods-AlternativeFuelStation_iOS-resources.sh\"\n";
			showEnvVarsInLog = 0;
		};
		3E0B05C4316AB509C7592C67 /* [CP] Check Pods Manifest.lock */ = {
			isa = PBXShellScriptBuildPhase;
			buildActionMask = 2147483647;
			files = (
			);
			inputFileListPaths = (
			);
			inputPaths = (
				"${PODS_PODFILE_DIR_PATH}/Podfile.lock",
				"${PODS_ROOT}/Manifest.lock",
			);
			name = "[CP] Check Pods Manifest.lock";
			outputFileListPaths = (
			);
			outputPaths = (
				"$(DERIVED_FILE_DIR)/Pods-AlternativeFuelStation_iOS-checkManifestLockResult.txt",
			);
			runOnlyForDeploymentPostprocessing = 0;
			shellPath = /bin/sh;
			shellScript = "diff \"${PODS_PODFILE_DIR_PATH}/Podfile.lock\" \"${PODS_ROOT}/Manifest.lock\" > /dev/null\nif [ $? != 0 ] ; then\n    # print error to STDERR\n    echo \"error: The sandbox is not in sync with the Podfile.lock. Run 'pod install' or update your CocoaPods installation.\" >&2\n    exit 1\nfi\n# This output is used by Xcode 'outputs' to avoid re-running this script phase.\necho \"SUCCESS\" > \"${SCRIPT_OUTPUT_FILE_0}\"\n";
			showEnvVarsInLog = 0;
		};
/* End PBXShellScriptBuildPhase section */

/* Begin PBXSourcesBuildPhase section */
		B260011B2D2AFFF700702003 /* Sources */ = {
			isa = PBXSourcesBuildPhase;
			buildActionMask = 2147483647;
			files = (
				B27B0EC12D2B208800349F04 /* SearchBar.swift in Sources */,
				B27B0EBE2D2B207100349F04 /* SearchListView.swift in Sources */,
				B27B0EBC2D2B1CE200349F04 /* FilterOptions.swift in Sources */,
				B27B0EB82D2B1ACB00349F04 /* GMapservice.swift in Sources */,
				B26001252D2AFFF700702003 /* ContentView.swift in Sources */,
				B27B0EC52D2B20A000349F04 /* MapViewContainer.swift in Sources */,
				B26001232D2AFFF700702003 /* AlternativeFuelStation_iOSApp.swift in Sources */,
				B27B0EC32D2B209300349F04 /* MapAnnotationView.swift in Sources */,
				B27B0EB02D2B131900349F04 /* MapView.swift in Sources */,
				B27B0EAE2D2B130500349F04 /* HydrogenStation.swift in Sources */,
				B27B0EB42D2B191700349F04 /* AppDelegate.swift in Sources */,
				B27B0EB22D2B132900349F04 /* FilterView.swift in Sources */,
				B27B0EAC2D2B12F500349F04 /* ApiService.swift in Sources */,
				B27B0EBA2D2B1BD500349F04 /* NRELService.swift in Sources */,
				B27B0EB62D2B199D00349F04 /* SceneDelegate.swift in Sources */,
			);
			runOnlyForDeploymentPostprocessing = 0;
		};
/* End PBXSourcesBuildPhase section */

/* Begin XCBuildConfiguration section */
		B260012B2D2AFFF800702003 /* Debug */ = {
			isa = XCBuildConfiguration;
			buildSettings = {
				ALWAYS_SEARCH_USER_PATHS = NO;
				ASSETCATALOG_COMPILER_GENERATE_SWIFT_ASSET_SYMBOL_EXTENSIONS = YES;
				CLANG_ANALYZER_NONNULL = YES;
				CLANG_ANALYZER_NUMBER_OBJECT_CONVERSION = YES_AGGRESSIVE;
				CLANG_CXX_LANGUAGE_STANDARD = "gnu++20";
				CLANG_ENABLE_MODULES = YES;
				CLANG_ENABLE_OBJC_ARC = YES;
				CLANG_ENABLE_OBJC_WEAK = YES;
				CLANG_WARN_BLOCK_CAPTURE_AUTORELEASING = YES;
				CLANG_WARN_BOOL_CONVERSION = YES;
				CLANG_WARN_COMMA = YES;
				CLANG_WARN_CONSTANT_CONVERSION = YES;
				CLANG_WARN_DEPRECATED_OBJC_IMPLEMENTATIONS = YES;
				CLANG_WARN_DIRECT_OBJC_ISA_USAGE = YES_ERROR;
				CLANG_WARN_DOCUMENTATION_COMMENTS = YES;
				CLANG_WARN_EMPTY_BODY = YES;
				CLANG_WARN_ENUM_CONVERSION = YES;
				CLANG_WARN_INFINITE_RECURSION = YES;
				CLANG_WARN_INT_CONVERSION = YES;
				CLANG_WARN_NON_LITERAL_NULL_CONVERSION = YES;
				CLANG_WARN_OBJC_IMPLICIT_RETAIN_SELF = YES;
				CLANG_WARN_OBJC_LITERAL_CONVERSION = YES;
				CLANG_WARN_OBJC_ROOT_CLASS = YES_ERROR;
				CLANG_WARN_QUOTED_INCLUDE_IN_FRAMEWORK_HEADER = YES;
				CLANG_WARN_RANGE_LOOP_ANALYSIS = YES;
				CLANG_WARN_STRICT_PROTOTYPES = YES;
				CLANG_WARN_SUSPICIOUS_MOVE = YES;
				CLANG_WARN_UNGUARDED_AVAILABILITY = YES_AGGRESSIVE;
				CLANG_WARN_UNREACHABLE_CODE = YES;
				CLANG_WARN__DUPLICATE_METHOD_MATCH = YES;
				COPY_PHASE_STRIP = NO;
				DEBUG_INFORMATION_FORMAT = dwarf;
				ENABLE_STRICT_OBJC_MSGSEND = YES;
				ENABLE_TESTABILITY = YES;
				ENABLE_USER_SCRIPT_SANDBOXING = YES;
				GCC_C_LANGUAGE_STANDARD = gnu17;
				GCC_DYNAMIC_NO_PIC = NO;
				GCC_NO_COMMON_BLOCKS = YES;
				GCC_OPTIMIZATION_LEVEL = 0;
				GCC_PREPROCESSOR_DEFINITIONS = (
					"DEBUG=1",
					"$(inherited)",
				);
				GCC_WARN_64_TO_32_BIT_CONVERSION = YES;
				GCC_WARN_ABOUT_RETURN_TYPE = YES_ERROR;
				GCC_WARN_UNDECLARED_SELECTOR = YES;
				GCC_WARN_UNINITIALIZED_AUTOS = YES_AGGRESSIVE;
				GCC_WARN_UNUSED_FUNCTION = YES;
				GCC_WARN_UNUSED_VARIABLE = YES;
				IPHONEOS_DEPLOYMENT_TARGET = 17.5;
				LOCALIZATION_PREFERS_STRING_CATALOGS = YES;
				MTL_ENABLE_DEBUG_INFO = INCLUDE_SOURCE;
				MTL_FAST_MATH = YES;
				ONLY_ACTIVE_ARCH = YES;
				SDKROOT = iphoneos;
				SWIFT_ACTIVE_COMPILATION_CONDITIONS = "DEBUG $(inherited)";
				SWIFT_OPTIMIZATION_LEVEL = "-Onone";
			};
			name = Debug;
		};
		B260012C2D2AFFF800702003 /* Release */ = {
			isa = XCBuildConfiguration;
			buildSettings = {
				ALWAYS_SEARCH_USER_PATHS = NO;
				ASSETCATALOG_COMPILER_GENERATE_SWIFT_ASSET_SYMBOL_EXTENSIONS = YES;
				CLANG_ANALYZER_NONNULL = YES;
				CLANG_ANALYZER_NUMBER_OBJECT_CONVERSION = YES_AGGRESSIVE;
				CLANG_CXX_LANGUAGE_STANDARD = "gnu++20";
				CLANG_ENABLE_MODULES = YES;
				CLANG_ENABLE_OBJC_ARC = YES;
				CLANG_ENABLE_OBJC_WEAK = YES;
				CLANG_WARN_BLOCK_CAPTURE_AUTORELEASING = YES;
				CLANG_WARN_BOOL_CONVERSION = YES;
				CLANG_WARN_COMMA = YES;
				CLANG_WARN_CONSTANT_CONVERSION = YES;
				CLANG_WARN_DEPRECATED_OBJC_IMPLEMENTATIONS = YES;
				CLANG_WARN_DIRECT_OBJC_ISA_USAGE = YES_ERROR;
				CLANG_WARN_DOCUMENTATION_COMMENTS = YES;
				CLANG_WARN_EMPTY_BODY = YES;
				CLANG_WARN_ENUM_CONVERSION = YES;
				CLANG_WARN_INFINITE_RECURSION = YES;
				CLANG_WARN_INT_CONVERSION = YES;
				CLANG_WARN_NON_LITERAL_NULL_CONVERSION = YES;
				CLANG_WARN_OBJC_IMPLICIT_RETAIN_SELF = YES;
				CLANG_WARN_OBJC_LITERAL_CONVERSION = YES;
				CLANG_WARN_OBJC_ROOT_CLASS = YES_ERROR;
				CLANG_WARN_QUOTED_INCLUDE_IN_FRAMEWORK_HEADER = YES;
				CLANG_WARN_RANGE_LOOP_ANALYSIS = YES;
				CLANG_WARN_STRICT_PROTOTYPES = YES;
				CLANG_WARN_SUSPICIOUS_MOVE = YES;
				CLANG_WARN_UNGUARDED_AVAILABILITY = YES_AGGRESSIVE;
				CLANG_WARN_UNREACHABLE_CODE = YES;
				CLANG_WARN__DUPLICATE_METHOD_MATCH = YES;
				COPY_PHASE_STRIP = NO;
				DEBUG_INFORMATION_FORMAT = "dwarf-with-dsym";
				ENABLE_NS_ASSERTIONS = NO;
				ENABLE_STRICT_OBJC_MSGSEND = YES;
				ENABLE_USER_SCRIPT_SANDBOXING = YES;
				GCC_C_LANGUAGE_STANDARD = gnu17;
				GCC_NO_COMMON_BLOCKS = YES;
				GCC_WARN_64_TO_32_BIT_CONVERSION = YES;
				GCC_WARN_ABOUT_RETURN_TYPE = YES_ERROR;
				GCC_WARN_UNDECLARED_SELECTOR = YES;
				GCC_WARN_UNINITIALIZED_AUTOS = YES_AGGRESSIVE;
				GCC_WARN_UNUSED_FUNCTION = YES;
				GCC_WARN_UNUSED_VARIABLE = YES;
				IPHONEOS_DEPLOYMENT_TARGET = 17.5;
				LOCALIZATION_PREFERS_STRING_CATALOGS = YES;
				MTL_ENABLE_DEBUG_INFO = NO;
				MTL_FAST_MATH = YES;
				SDKROOT = iphoneos;
				SWIFT_COMPILATION_MODE = wholemodule;
				VALIDATE_PRODUCT = YES;
			};
			name = Release;
		};
		B260012E2D2AFFF800702003 /* Debug */ = {
			isa = XCBuildConfiguration;
			baseConfigurationReference = 7613BBCFD6023A8453B0DB47 /* Pods-AlternativeFuelStation_iOS.debug.xcconfig */;
			buildSettings = {
				ASSETCATALOG_COMPILER_APPICON_NAME = AppIcon;
				ASSETCATALOG_COMPILER_GLOBAL_ACCENT_COLOR_NAME = AccentColor;
				CODE_SIGN_STYLE = Automatic;
				CURRENT_PROJECT_VERSION = 1;
				DEVELOPMENT_ASSET_PATHS = "\"AlternativeFuelStation_iOS/Preview Content\"";
				ENABLE_PREVIEWS = YES;
				ENABLE_USER_SCRIPT_SANDBOXING = NO;
				GENERATE_INFOPLIST_FILE = YES;
				INFOPLIST_KEY_UIApplicationSceneManifest_Generation = YES;
				INFOPLIST_KEY_UIApplicationSupportsIndirectInputEvents = YES;
				INFOPLIST_KEY_UILaunchScreen_Generation = YES;
				INFOPLIST_KEY_UISupportedInterfaceOrientations_iPad = "UIInterfaceOrientationPortrait UIInterfaceOrientationPortraitUpsideDown UIInterfaceOrientationLandscapeLeft UIInterfaceOrientationLandscapeRight";
				INFOPLIST_KEY_UISupportedInterfaceOrientations_iPhone = "UIInterfaceOrientationPortrait UIInterfaceOrientationLandscapeLeft UIInterfaceOrientationLandscapeRight";
				LD_RUNPATH_SEARCH_PATHS = (
					"$(inherited)",
					"@executable_path/Frameworks",
				);
				MARKETING_VERSION = 1.0;
				PRODUCT_BUNDLE_IDENTIFIER = "com.AlternativeFuelStation.AlternativeFuelStation-iOS";
				PRODUCT_NAME = "$(TARGET_NAME)";
				SWIFT_EMIT_LOC_STRINGS = YES;
				SWIFT_VERSION = 5.0;
				TARGETED_DEVICE_FAMILY = "1,2";
			};
			name = Debug;
		};
		B260012F2D2AFFF800702003 /* Release */ = {
			isa = XCBuildConfiguration;
			baseConfigurationReference = C7AF665EB53B63E5649331D4 /* Pods-AlternativeFuelStation_iOS.release.xcconfig */;
			buildSettings = {
				ASSETCATALOG_COMPILER_APPICON_NAME = AppIcon;
				ASSETCATALOG_COMPILER_GLOBAL_ACCENT_COLOR_NAME = AccentColor;
				CODE_SIGN_STYLE = Automatic;
				CURRENT_PROJECT_VERSION = 1;
				DEVELOPMENT_ASSET_PATHS = "\"AlternativeFuelStation_iOS/Preview Content\"";
				ENABLE_PREVIEWS = YES;
				ENABLE_USER_SCRIPT_SANDBOXING = NO;
				GENERATE_INFOPLIST_FILE = YES;
				INFOPLIST_KEY_UIApplicationSceneManifest_Generation = YES;
				INFOPLIST_KEY_UIApplicationSupportsIndirectInputEvents = YES;
				INFOPLIST_KEY_UILaunchScreen_Generation = YES;
				INFOPLIST_KEY_UISupportedInterfaceOrientations_iPad = "UIInterfaceOrientationPortrait UIInterfaceOrientationPortraitUpsideDown UIInterfaceOrientationLandscapeLeft UIInterfaceOrientationLandscapeRight";
				INFOPLIST_KEY_UISupportedInterfaceOrientations_iPhone = "UIInterfaceOrientationPortrait UIInterfaceOrientationLandscapeLeft UIInterfaceOrientationLandscapeRight";
				LD_RUNPATH_SEARCH_PATHS = (
					"$(inherited)",
					"@executable_path/Frameworks",
				);
				MARKETING_VERSION = 1.0;
				PRODUCT_BUNDLE_IDENTIFIER = "com.AlternativeFuelStation.AlternativeFuelStation-iOS";
				PRODUCT_NAME = "$(TARGET_NAME)";
				SWIFT_EMIT_LOC_STRINGS = YES;
				SWIFT_VERSION = 5.0;
				TARGETED_DEVICE_FAMILY = "1,2";
			};
			name = Release;
		};
/* End XCBuildConfiguration section */

/* Begin XCConfigurationList section */
		B260011A2D2AFFF700702003 /* Build configuration list for PBXProject "AlternativeFuelStation_iOS" */ = {
			isa = XCConfigurationList;
			buildConfigurations = (
				B260012B2D2AFFF800702003 /* Debug */,
				B260012C2D2AFFF800702003 /* Release */,
			);
			defaultConfigurationIsVisible = 0;
			defaultConfigurationName = Release;
		};
		B260012D2D2AFFF800702003 /* Build configuration list for PBXNativeTarget "AlternativeFuelStation_iOS" */ = {
			isa = XCConfigurationList;
			buildConfigurations = (
				B260012E2D2AFFF800702003 /* Debug */,
				B260012F2D2AFFF800702003 /* Release */,
			);
			defaultConfigurationIsVisible = 0;
			defaultConfigurationName = Release;
		};
/* End XCConfigurationList section */
	};
	rootObject = B26001172D2AFFF700702003 /* Project object */;
}
